PODS:
  - BNImagePageView (0.1.29):
    - Kingfisher (= 5.7.0)
  - Kingfisher (5.7.0)

DEPENDENCIES:
  - BNImagePageView (from `../`)

SPEC REPOS:
  https://github.com/cocoapods/specs.git:
    - Kingfisher

EXTERNAL SOURCES:
  BNImagePageView:
    :path: "../"

SPEC CHECKSUMS:
  BNImagePageView: 3cba9a4a3663c37ec53cc7c15fab6f47aa1fc53b
  Kingfisher: c7d211b54f1f30d8060aadab177d52b4349c825b

PODFILE CHECKSUM: 994a5f2b269588d90e60f3d0999a730e78eddb7d

COCOAPODS: 1.7.5
