PODS:
  - BNImagePageView (0.1.14):
    - Kingfisher (= 4.10.1)
  - Kingfisher (4.10.1)

DEPENDENCIES:
  - BNImagePageView (from `../`)
  - Kingfisher (= 4.10.1)

SPEC REPOS:
  https://github.com/cocoapods/specs.git:
    - Kingfisher

EXTERNAL SOURCES:
  BNImagePageView:
    :path: "../"

SPEC CHECKSUMS:
  BNImagePageView: 6c04d79cf93afd04db9a273b2df13c95ad1295fa
  Kingfisher: c148cd7b47ebde9989f6bc7c27dcaa79d81279a0

PODFILE CHECKSUM: e4ef7abe9360ef910473528b642734e347e1e0b0

COCOAPODS: 1.6.0
