{
  "originHash" : "1e0033ee4f33fe35492ba91b48de5c6e8cebaed158741e84e783b74ebdf70ea9",
  "pins" : [
    {
      "identity" : "kingfisher",
      "kind" : "remoteSourceControl",
      "location" : "https://github.com/onevcat/Kingfisher.git",
      "state" : {
        "revision" : "410984bf301f4fa224fe56277b3f8672cc465c79",
        "version" : "8.11.0"
      }
    }
  ],
  "version" : 3
}
