{
  "originHash" : "bc27eecdd6478b6f6bc8734b8fd214bc66fe30456bcdf679bdbfbe7de8f215d5",
  "pins" : [
    {
      "identity" : "bnimagepageview",
      "kind" : "remoteSourceControl",
      "location" : "https://github.com/chanon-apimaha/BNImagePageView.git",
      "state" : {
        "branch" : "fix/builder-imageURLs-overload",
        "revision" : "afd7bc6215a419fe943755c2128fa472238e83bd"
      }
    },
    {
      "identity" : "kingfisher",
      "kind" : "remoteSourceControl",
      "location" : "https://github.com/onevcat/Kingfisher.git",
      "state" : {
        "revision" : "410984bf301f4fa224fe56277b3f8672cc465c79",
        "version" : "8.11.0"
      }
    }
  ],
  "version" : 3
}
